// !$*UTF8*$!
{
	archiveVersion = 1;
	classes = {
	};
	objectVersion = 77;
	objects = {

/* Begin PBXContainerItemProxy section */
		379F995D2D39F92F0000A193 /* PBXContainerItemProxy */ = {
			isa = PBXContainerItemProxy;
			containerPortal = 379F99442D39F92B0000A193 /* Project object */;
			proxyType = 1;
			remoteGlobalIDString = 379F994B2D39F92B0000A193;
			remoteInfo = DesignSystemModule;
		};
		379F99672D39F9300000A193 /* PBXContainerItemProxy */ = {
			isa = PBXContainerItemProxy;
			containerPortal = 379F99442D39F92B0000A193 /* Project object */;
			proxyType = 1;
			remoteGlobalIDString = 379F994B2D39F92B0000A193;
			remoteInfo = DesignSystemModule;
		};
/* End PBXContainerItemProxy section */

/* Begin PBXFileReference section */
		379F994C2D39F92B0000A193 /* DesignSystemModule.app */ = {isa = PBXFileReference; explicitFileType = wrapper.application; includeInIndex = 0; path = DesignSystemModule.app; sourceTree = BUILT_PRODUCTS_DIR; };
		379F995C2D39F92F0000A193 /* DesignSystemModuleTests.xctest */ = {isa = PBXFileReference; explicitFileType = wrapper.cfbundle; includeInIndex = 0; path = DesignSystemModuleTests.xctest; sourceTree = BUILT_PRODUCTS_DIR; };
		379F99662D39F9300000A193 /* DesignSystemModuleUITests.xctest */ = {isa = PBXFileReference; explicitFileType = wrapper.cfbundle; includeInIndex = 0; path = DesignSystemModuleUITests.xctest; sourceTree = BUILT_PRODUCTS_DIR; };
/* End PBXFileReference section */

/* Begin PBXFileSystemSynchronizedRootGroup section */
		379F994E2D39F92B0000A193 /* DesignSystemModule */ = {
			isa = PBXFileSystemSynchronizedRootGroup;
			path = DesignSystemModule;
			sourceTree = "<group>";
		};
		379F995F2D39F9300000A193 /* DesignSystemModuleTests */ = {
			isa = PBXFileSystemSynchronizedRootGroup;
			path = DesignSystemModuleTests;
			sourceTree = "<group>";
		};
		379F99692D39F9300000A193 /* DesignSystemModuleUITests */ = {
			isa = PBXFileSystemSynchronizedRootGroup;
			path = DesignSystemModuleUITests;
			sourceTree = "<group>";
		};
/* End PBXFileSystemSynchronizedRootGroup section */

/* Begin PBXFrameworksBuildPhase section */
		379F99492D39F92B0000A193 /* Frameworks */ = {
			isa = PBXFrameworksBuildPhase;
			buildActionMask = 2147483647;
			files = (
			);
			runOnlyForDeploymentPostprocessing = 0;
		};
		379F99592D39F92F0000A193 /* Frameworks */ = {
			isa = PBXFrameworksBuildPhase;
			buildActionMask = 2147483647;
			files = (
			);
			runOnlyForDeploymentPostprocessing = 0;
		};
		379F99632D39F9300000A193 /* Frameworks */ = {
			isa = PBXFrameworksBuildPhase;
			buildActionMask = 2147483647;
			files = (
			);
			runOnlyForDeploymentPostprocessing = 0;
		};
/* End PBXFrameworksBuildPhase section */

/* Begin PBXGroup section */
		379F99432D39F92B0000A193 = {
			isa = PBXGroup;
			children = (
				379F994E2D39F92B0000A193 /* DesignSystemModule */,
				379F995F2D39F9300000A193 /* DesignSystemModuleTests */,
				379F99692D39F9300000A193 /* DesignSystemModuleUITests */,
				379F994D2D39F92B0000A193 /* Products */,
			);
			sourceTree = "<group>";
		};
		379F994D2D39F92B0000A193 /* Products */ = {
			isa = PBXGroup;
			children = (
				379F994C2D39F92B0000A193 /* DesignSystemModule.app */,
				379F995C2D39F92F0000A193 /* DesignSystemModuleTests.xctest */,
				379F99662D39F9300000A193 /* DesignSystemModuleUITests.xctest */,
			);
			name = Products;
			sourceTree = "<group>";
		};
/* End PBXGroup section */

/* Begin PBXNativeTarget section */
		379F994B2D39F92B0000A193 /* DesignSystemModule */ = {
			isa = PBXNativeTarget;
			buildConfigurationList = 379F99702D39F9300000A193 /* Build configuration list for PBXNativeTarget "DesignSystemModule" */;
			buildPhases = (
				379F99482D39F92B0000A193 /* Sources */,
				379F99492D39F92B0000A193 /* Frameworks */,
				379F994A2D39F92B0000A193 /* Resources */,
			);
			buildRules = (
			);
			dependencies = (
			);
			fileSystemSynchronizedGroups = (
				379F994E2D39F92B0000A193 /* DesignSystemModule */,
			);
			name = DesignSystemModule;
			packageProductDependencies = (
			);
			productName = DesignSystemModule;
			productReference = 379F994C2D39F92B0000A193 /* DesignSystemModule.app */;
			productType = "com.apple.product-type.application";
		};
		379F995B2D39F92F0000A193 /* DesignSystemModuleTests */ = {
			isa = PBXNativeTarget;
			buildConfigurationList = 379F99732D39F9300000A193 /* Build configuration list for PBXNativeTarget "DesignSystemModuleTests" */;
			buildPhases = (
				379F99582D39F92F0000A193 /* Sources */,
				379F99592D39F92F0000A193 /* Frameworks */,
				379F995A2D39F92F0000A193 /* Resources */,
			);
			buildRules = (
			);
			dependencies = (
				379F995E2D39F92F0000A193 /* PBXTargetDependency */,
			);
			fileSystemSynchronizedGroups = (
				379F995F2D39F9300000A193 /* DesignSystemModuleTests */,
			);
			name = DesignSystemModuleTests;
			packageProductDependencies = (
			);
			productName = DesignSystemModuleTests;
			productReference = 379F995C2D39F92F0000A193 /* DesignSystemModuleTests.xctest */;
			productType = "com.apple.product-type.bundle.unit-test";
		};
		379F99652D39F9300000A193 /* DesignSystemModuleUITests */ = {
			isa = PBXNativeTarget;
			buildConfigurationList = 379F99762D39F9300000A193 /* Build configuration list for PBXNativeTarget "DesignSystemModuleUITests" */;
			buildPhases = (
				379F99622D39F9300000A193 /* Sources */,
				379F99632D39F9300000A193 /* Frameworks */,
				379F99642D39F9300000A193 /* Resources */,
			);
			buildRules = (
			);
			dependencies = (
				379F99682D39F9300000A193 /* PBXTargetDependency */,
			);
			fileSystemSynchronizedGroups = (
				379F99692D39F9300000A193 /* DesignSystemModuleUITests */,
			);
			name = DesignSystemModuleUITests;
			packageProductDependencies = (
			);
			productName = DesignSystemModuleUITests;
			productReference = 379F99662D39F9300000A193 /* DesignSystemModuleUITests.xctest */;
			productType = "com.apple.product-type.bundle.ui-testing";
		};
/* End PBXNativeTarget section */

/* Begin PBXProject section */
		379F99442D39F92B0000A193 /* Project object */ = {
			isa = PBXProject;
			attributes = {
				BuildIndependentTargetsInParallel = 1;
				LastSwiftUpdateCheck = 1620;
				LastUpgradeCheck = 1620;
				TargetAttributes = {
					379F994B2D39F92B0000A193 = {
						CreatedOnToolsVersion = 16.2;
					};
					379F995B2D39F92F0000A193 = {
						CreatedOnToolsVersion = 16.2;
						TestTargetID = 379F994B2D39F92B0000A193;
					};
					379F99652D39F9300000A193 = {
						CreatedOnToolsVersion = 16.2;
						TestTargetID = 379F994B2D39F92B0000A193;
					};
				};
			};
			buildConfigurationList = 379F99472D39F92B0000A193 /* Build configuration list for PBXProject "DesignSystemModule" */;
			developmentRegion = en;
			hasScannedForEncodings = 0;
			knownRegions = (
				en,
				Base,
			);
			mainGroup = 379F99432D39F92B0000A193;
			minimizedProjectReferenceProxies = 1;
			preferredProjectObjectVersion = 77;
			productRefGroup = 379F994D2D39F92B0000A193 /* Products */;
			projectDirPath = "";
			projectRoot = "";
			targets = (
				379F994B2D39F92B0000A193 /* DesignSystemModule */,
				379F995B2D39F92F0000A193 /* DesignSystemModuleTests */,
				379F99652D39F9300000A193 /* DesignSystemModuleUITests */,
			);
		};
/* End PBXProject section */

/* Begin PBXResourcesBuildPhase section */
		379F994A2D39F92B0000A193 /* Resources */ = {
			isa = PBXResourcesBuildPhase;
			buildActionMask = 2147483647;
			files = (
			);
			runOnlyForDeploymentPostprocessing = 0;
		};
		379F995A2D39F92F0000A193 /* Resources */ = {
			isa = PBXResourcesBuildPhase;
			buildActionMask = 2147483647;
			files = (
			);
			runOnlyForDeploymentPostprocessing = 0;
		};
		379F99642D39F9300000A193 /* Resources */ = {
			isa = PBXResourcesBuildPhase;
			buildActionMask = 2147483647;
			files = (
			);
			runOnlyForDeploymentPostprocessing = 0;
		};
/* End PBXResourcesBuildPhase section */

/* Begin PBXSourcesBuildPhase section */
		379F99482D39F92B0000A193 /* Sources */ = {
			isa = PBXSourcesBuildPhase;
			buildActionMask = 2147483647;
			files = (
			);
			runOnlyForDeploymentPostprocessing = 0;
		};
		379F99582D39F92F0000A193 /* Sources */ = {
			isa = PBXSourcesBuildPhase;
			buildActionMask = 2147483647;
			files = (
			);
			runOnlyForDeploymentPostprocessing = 0;
		};
		379F99622D39F9300000A193 /* Sources */ = {
			isa = PBXSourcesBuildPhase;
			buildActionMask = 2147483647;
			files = (
			);
			runOnlyForDeploymentPostprocessing = 0;
		};
/* End PBXSourcesBuildPhase section */

/* Begin PBXTargetDependency section */
		379F995E2D39F92F0000A193 /* PBXTargetDependency */ = {
			isa = PBXTargetDependency;
			target = 379F994B2D39F92B0000A193 /* DesignSystemModule */;
			targetProxy = 379F995D2D39F92F0000A193 /* PBXContainerItemProxy */;
		};
		379F99682D39F9300000A193 /* PBXTargetDependency */ = {
			isa = PBXTargetDependency;
			target = 379F994B2D39F92B0000A193 /* DesignSystemModule */;
			targetProxy = 379F99672D39F9300000A193 /* PBXContainerItemProxy */;
		};
/* End PBXTargetDependency section */

/* Begin XCBuildConfiguration section */
		379F996E2D39F9300000A193 /* Debug */ = {
			isa = XCBuildConfiguration;
			buildSettings = {
				ALWAYS_SEARCH_USER_PATHS = NO;
				ASSETCATALOG_COMPILER_GENERATE_SWIFT_ASSET_SYMBOL_EXTENSIONS = YES;
				CLANG_ANALYZER_NONNULL = YES;
				CLANG_ANALYZER_NUMBER_OBJECT_CONVERSION = YES_AGGRESSIVE;
				CLANG_CXX_LANGUAGE_STANDARD = "gnu++20";
				CLANG_ENABLE_MODULES = YES;
				CLANG_ENABLE_OBJC_ARC = YES;
				CLANG_ENABLE_OBJC_WEAK = YES;
				CLANG_WARN_BLOCK_CAPTURE_AUTORELEASING = YES;
				CLANG_WARN_BOOL_CONVERSION = YES;
				CLANG_WARN_COMMA = YES;
				CLANG_WARN_CONSTANT_CONVERSION = YES;
				CLANG_WARN_DEPRECATED_OBJC_IMPLEMENTATIONS = YES;
				CLANG_WARN_DIRECT_OBJC_ISA_USAGE = YES_ERROR;
				CLANG_WARN_DOCUMENTATION_COMMENTS = YES;
				CLANG_WARN_EMPTY_BODY = YES;
				CLANG_WARN_ENUM_CONVERSION = YES;
				CLANG_WARN_INFINITE_RECURSION = YES;
				CLANG_WARN_INT_CONVERSION = YES;
				CLANG_WARN_NON_LITERAL_NULL_CONVERSION = YES;
				CLANG_WARN_OBJC_IMPLICIT_RETAIN_SELF = YES;
				CLANG_WARN_OBJC_LITERAL_CONVERSION = YES;
				CLANG_WARN_OBJC_ROOT_CLASS = YES_ERROR;
				CLANG_WARN_QUOTED_INCLUDE_IN_FRAMEWORK_HEADER = YES;
				CLANG_WARN_RANGE_LOOP_ANALYSIS = YES;
				CLANG_WARN_STRICT_PROTOTYPES = YES;
				CLANG_WARN_SUSPICIOUS_MOVE = YES;
				CLANG_WARN_UNGUARDED_AVAILABILITY = YES_AGGRESSIVE;
				CLANG_WARN_UNREACHABLE_CODE = YES;
				CLANG_WARN__DUPLICATE_METHOD_MATCH = YES;
				COPY_PHASE_STRIP = NO;
				DEBUG_INFORMATION_FORMAT = dwarf;
				ENABLE_STRICT_OBJC_MSGSEND = YES;
				ENABLE_TESTABILITY = YES;
				ENABLE_USER_SCRIPT_SANDBOXING = YES;
				GCC_C_LANGUAGE_STANDARD = gnu17;
				GCC_DYNAMIC_NO_PIC = NO;
				GCC_NO_COMMON_BLOCKS = YES;
				GCC_OPTIMIZATION_LEVEL = 0;
				GCC_PREPROCESSOR_DEFINITIONS = (
					"DEBUG=1",
					"$(inherited)",
				);
				GCC_WARN_64_TO_32_BIT_CONVERSION = YES;
				GCC_WARN_ABOUT_RETURN_TYPE = YES_ERROR;
				GCC_WARN_UNDECLARED_SELECTOR = YES;
				GCC_WARN_UNINITIALIZED_AUTOS = YES_AGGRESSIVE;
				GCC_WARN_UNUSED_FUNCTION = YES;
				GCC_WARN_UNUSED_VARIABLE = YES;
				IPHONEOS_DEPLOYMENT_TARGET = 18.2;
				LOCALIZATION_PREFERS_STRING_CATALOGS = YES;
				MTL_ENABLE_DEBUG_INFO = INCLUDE_SOURCE;
				MTL_FAST_MATH = YES;
				ONLY_ACTIVE_ARCH = YES;
				SDKROOT = iphoneos;
				SWIFT_ACTIVE_COMPILATION_CONDITIONS = "DEBUG $(inherited)";
				SWIFT_OPTIMIZATION_LEVEL = "-Onone";
			};
			name = Debug;
		};
		379F996F2D39F9300000A193 /* Release */ = {
			isa = XCBuildConfiguration;
			buildSettings = {
				ALWAYS_SEARCH_USER_PATHS = NO;
				ASSETCATALOG_COMPILER_GENERATE_SWIFT_ASSET_SYMBOL_EXTENSIONS = YES;
				CLANG_ANALYZER_NONNULL = YES;
				CLANG_ANALYZER_NUMBER_OBJECT_CONVERSION = YES_AGGRESSIVE;
				CLANG_CXX_LANGUAGE_STANDARD = "gnu++20";
				CLANG_ENABLE_MODULES = YES;
				CLANG_ENABLE_OBJC_ARC = YES;
				CLANG_ENABLE_OBJC_WEAK = YES;
				CLANG_WARN_BLOCK_CAPTURE_AUTORELEASING = YES;
				CLANG_WARN_BOOL_CONVERSION = YES;
				CLANG_WARN_COMMA = YES;
				CLANG_WARN_CONSTANT_CONVERSION = YES;
				CLANG_WARN_DEPRECATED_OBJC_IMPLEMENTATIONS = YES;
				CLANG_WARN_DIRECT_OBJC_ISA_USAGE = YES_ERROR;
				CLANG_WARN_DOCUMENTATION_COMMENTS = YES;
				CLANG_WARN_EMPTY_BODY = YES;
				CLANG_WARN_ENUM_CONVERSION = YES;
				CLANG_WARN_INFINITE_RECURSION = YES;
				CLANG_WARN_INT_CONVERSION = YES;
				CLANG_WARN_NON_LITERAL_NULL_CONVERSION = YES;
				CLANG_WARN_OBJC_IMPLICIT_RETAIN_SELF = YES;
				CLANG_WARN_OBJC_LITERAL_CONVERSION = YES;
				CLANG_WARN_OBJC_ROOT_CLASS = YES_ERROR;
				CLANG_WARN_QUOTED_INCLUDE_IN_FRAMEWORK_HEADER = YES;
				CLANG_WARN_RANGE_LOOP_ANALYSIS = YES;
				CLANG_WARN_STRICT_PROTOTYPES = YES;
				CLANG_WARN_SUSPICIOUS_MOVE = YES;
				CLANG_WARN_UNGUARDED_AVAILABILITY = YES_AGGRESSIVE;
				CLANG_WARN_UNREACHABLE_CODE = YES;
				CLANG_WARN__DUPLICATE_METHOD_MATCH = YES;
				COPY_PHASE_STRIP = NO;
				DEBUG_INFORMATION_FORMAT = "dwarf-with-dsym";
				ENABLE_NS_ASSERTIONS = NO;
				ENABLE_STRICT_OBJC_MSGSEND = YES;
				ENABLE_USER_SCRIPT_SANDBOXING = YES;
				GCC_C_LANGUAGE_STANDARD = gnu17;
				GCC_NO_COMMON_BLOCKS = YES;
				GCC_WARN_64_TO_32_BIT_CONVERSION = YES;
				GCC_WARN_ABOUT_RETURN_TYPE = YES_ERROR;
				GCC_WARN_UNDECLARED_SELECTOR = YES;
				GCC_WARN_UNINITIALIZED_AUTOS = YES_AGGRESSIVE;
				GCC_WARN_UNUSED_FUNCTION = YES;
				GCC_WARN_UNUSED_VARIABLE = YES;
				IPHONEOS_DEPLOYMENT_TARGET = 18.2;
				LOCALIZATION_PREFERS_STRING_CATALOGS = YES;
				MTL_ENABLE_DEBUG_INFO = NO;
				MTL_FAST_MATH = YES;
				SDKROOT = iphoneos;
				SWIFT_COMPILATION_MODE = wholemodule;
				VALIDATE_PRODUCT = YES;
			};
			name = Release;
		};
		379F99712D39F9300000A193 /* Debug */ = {
			isa = XCBuildConfiguration;
			buildSettings = {
				ASSETCATALOG_COMPILER_APPICON_NAME = AppIcon;
				ASSETCATALOG_COMPILER_GLOBAL_ACCENT_COLOR_NAME = AccentColor;
				CODE_SIGN_STYLE = Automatic;
				CURRENT_PROJECT_VERSION = 1;
				DEVELOPMENT_ASSET_PATHS = "\"DesignSystemModule/Preview Content\"";
				DEVELOPMENT_TEAM = 4FUSK4NWF4;
				ENABLE_PREVIEWS = YES;
				GENERATE_INFOPLIST_FILE = YES;
				INFOPLIST_KEY_UIApplicationSceneManifest_Generation = YES;
				INFOPLIST_KEY_UIApplicationSupportsIndirectInputEvents = YES;
				INFOPLIST_KEY_UILaunchScreen_Generation = YES;
				INFOPLIST_KEY_UISupportedInterfaceOrientations_iPad = "UIInterfaceOrientationPortrait UIInterfaceOrientationPortraitUpsideDown UIInterfaceOrientationLandscapeLeft UIInterfaceOrientationLandscapeRight";
				INFOPLIST_KEY_UISupportedInterfaceOrientations_iPhone = "UIInterfaceOrientationPortrait UIInterfaceOrientationLandscapeLeft UIInterfaceOrientationLandscapeRight";
				LD_RUNPATH_SEARCH_PATHS = (
					"$(inherited)",
					"@executable_path/Frameworks",
				);
				MARKETING_VERSION = 1.0;
				PRODUCT_BUNDLE_IDENTIFIER = "com.sexy-camel.DesignSystemModule";
				PRODUCT_NAME = "$(TARGET_NAME)";
				SWIFT_EMIT_LOC_STRINGS = YES;
				SWIFT_VERSION = 5.0;
				TARGETED_DEVICE_FAMILY = "1,2";
			};
			name = Debug;
		};
		379F99722D39F9300000A193 /* Release */ = {
			isa = XCBuildConfiguration;
			buildSettings = {
				ASSETCATALOG_COMPILER_APPICON_NAME = AppIcon;
				ASSETCATALOG_COMPILER_GLOBAL_ACCENT_COLOR_NAME = AccentColor;
				CODE_SIGN_STYLE = Automatic;
				CURRENT_PROJECT_VERSION = 1;
				DEVELOPMENT_ASSET_PATHS = "\"DesignSystemModule/Preview Content\"";
				DEVELOPMENT_TEAM = 4FUSK4NWF4;
				ENABLE_PREVIEWS = YES;
				GENERATE_INFOPLIST_FILE = YES;
				INFOPLIST_KEY_UIApplicationSceneManifest_Generation = YES;
				INFOPLIST_KEY_UIApplicationSupportsIndirectInputEvents = YES;
				INFOPLIST_KEY_UILaunchScreen_Generation = YES;
				INFOPLIST_KEY_UISupportedInterfaceOrientations_iPad = "UIInterfaceOrientationPortrait UIInterfaceOrientationPortraitUpsideDown UIInterfaceOrientationLandscapeLeft UIInterfaceOrientationLandscapeRight";
				INFOPLIST_KEY_UISupportedInterfaceOrientations_iPhone = "UIInterfaceOrientationPortrait UIInterfaceOrientationLandscapeLeft UIInterfaceOrientationLandscapeRight";
				LD_RUNPATH_SEARCH_PATHS = (
					"$(inherited)",
					"@executable_path/Frameworks",
				);
				MARKETING_VERSION = 1.0;
				PRODUCT_BUNDLE_IDENTIFIER = "com.sexy-camel.DesignSystemModule";
				PRODUCT_NAME = "$(TARGET_NAME)";
				SWIFT_EMIT_LOC_STRINGS = YES;
				SWIFT_VERSION = 5.0;
				TARGETED_DEVICE_FAMILY = "1,2";
			};
			name = Release;
		};
		379F99742D39F9300000A193 /* Debug */ = {
			isa = XCBuildConfiguration;
			buildSettings = {
				BUNDLE_LOADER = "$(TEST_HOST)";
				CODE_SIGN_STYLE = Automatic;
				CURRENT_PROJECT_VERSION = 1;
				DEVELOPMENT_TEAM = 4FUSK4NWF4;
				GENERATE_INFOPLIST_FILE = YES;
				IPHONEOS_DEPLOYMENT_TARGET = 18.2;
				MARKETING_VERSION = 1.0;
				PRODUCT_BUNDLE_IDENTIFIER = "com.sexy-camel.DesignSystemModuleTests";
				PRODUCT_NAME = "$(TARGET_NAME)";
				SWIFT_EMIT_LOC_STRINGS = NO;
				SWIFT_VERSION = 5.0;
				TARGETED_DEVICE_FAMILY = "1,2";
				TEST_HOST = "$(BUILT_PRODUCTS_DIR)/DesignSystemModule.app/$(BUNDLE_EXECUTABLE_FOLDER_PATH)/DesignSystemModule";
			};
			name = Debug;
		};
		379F99752D39F9300000A193 /* Release */ = {
			isa = XCBuildConfiguration;
			buildSettings = {
				BUNDLE_LOADER = "$(TEST_HOST)";
				CODE_SIGN_STYLE = Automatic;
				CURRENT_PROJECT_VERSION = 1;
				DEVELOPMENT_TEAM = 4FUSK4NWF4;
				GENERATE_INFOPLIST_FILE = YES;
				IPHONEOS_DEPLOYMENT_TARGET = 18.2;
				MARKETING_VERSION = 1.0;
				PRODUCT_BUNDLE_IDENTIFIER = "com.sexy-camel.DesignSystemModuleTests";
				PRODUCT_NAME = "$(TARGET_NAME)";
				SWIFT_EMIT_LOC_STRINGS = NO;
				SWIFT_VERSION = 5.0;
				TARGETED_DEVICE_FAMILY = "1,2";
				TEST_HOST = "$(BUILT_PRODUCTS_DIR)/DesignSystemModule.app/$(BUNDLE_EXECUTABLE_FOLDER_PATH)/DesignSystemModule";
			};
			name = Release;
		};
		379F99772D39F9300000A193 /* Debug */ = {
			isa = XCBuildConfiguration;
			buildSettings = {
				CODE_SIGN_STYLE = Automatic;
				CURRENT_PROJECT_VERSION = 1;
				DEVELOPMENT_TEAM = 4FUSK4NWF4;
				GENERATE_INFOPLIST_FILE = YES;
				MARKETING_VERSION = 1.0;
				PRODUCT_BUNDLE_IDENTIFIER = "com.sexy-camel.DesignSystemModuleUITests";
				PRODUCT_NAME = "$(TARGET_NAME)";
				SWIFT_EMIT_LOC_STRINGS = NO;
				SWIFT_VERSION = 5.0;
				TARGETED_DEVICE_FAMILY = "1,2";
				TEST_TARGET_NAME = DesignSystemModule;
			};
			name = Debug;
		};
		379F99782D39F9300000A193 /* Release */ = {
			isa = XCBuildConfiguration;
			buildSettings = {
				CODE_SIGN_STYLE = Automatic;
				CURRENT_PROJECT_VERSION = 1;
				DEVELOPMENT_TEAM = 4FUSK4NWF4;
				GENERATE_INFOPLIST_FILE = YES;
				MARKETING_VERSION = 1.0;
				PRODUCT_BUNDLE_IDENTIFIER = "com.sexy-camel.DesignSystemModuleUITests";
				PRODUCT_NAME = "$(TARGET_NAME)";
				SWIFT_EMIT_LOC_STRINGS = NO;
				SWIFT_VERSION = 5.0;
				TARGETED_DEVICE_FAMILY = "1,2";
				TEST_TARGET_NAME = DesignSystemModule;
			};
			name = Release;
		};
/* End XCBuildConfiguration section */

/* Begin XCConfigurationList section */
		379F99472D39F92B0000A193 /* Build configuration list for PBXProject "DesignSystemModule" */ = {
			isa = XCConfigurationList;
			buildConfigurations = (
				379F996E2D39F9300000A193 /* Debug */,
				379F996F2D39F9300000A193 /* Release */,
			);
			defaultConfigurationIsVisible = 0;
			defaultConfigurationName = Release;
		};
		379F99702D39F9300000A193 /* Build configuration list for PBXNativeTarget "DesignSystemModule" */ = {
			isa = XCConfigurationList;
			buildConfigurations = (
				379F99712D39F9300000A193 /* Debug */,
				379F99722D39F9300000A193 /* Release */,
			);
			defaultConfigurationIsVisible = 0;
			defaultConfigurationName = Release;
		};
		379F99732D39F9300000A193 /* Build configuration list for PBXNativeTarget "DesignSystemModuleTests" */ = {
			isa = XCConfigurationList;
			buildConfigurations = (
				379F99742D39F9300000A193 /* Debug */,
				379F99752D39F9300000A193 /* Release */,
			);
			defaultConfigurationIsVisible = 0;
			defaultConfigurationName = Release;
		};
		379F99762D39F9300000A193 /* Build configuration list for PBXNativeTarget "DesignSystemModuleUITests" */ = {
			isa = XCConfigurationList;
			buildConfigurations = (
				379F99772D39F9300000A193 /* Debug */,
				379F99782D39F9300000A193 /* Release */,
			);
			defaultConfigurationIsVisible = 0;
			defaultConfigurationName = Release;
		};
/* End XCConfigurationList section */
	};
	rootObject = 379F99442D39F92B0000A193 /* Project object */;
}
